
Microsoft Visual Studio Solution File, Format Version 12.00
# Visual Studio 2012
Project("{FAE04EC0-301F-11D3-BF4B-00C04F79EFBC}") = "LangEditor", "LangEditor.csproj", "{EB00FEA1-4504-49A1-8135-28A5F0106D47}"
EndProject
Global
	GlobalSection(SolutionConfigurationPlatforms) = preSolution
		Debug|Any CPU = Debug|Any CPU
		Release|Any CPU = Release|Any CPU
	EndGlobalSection
	GlobalSection(ProjectConfigurationPlatforms) = postSolution
		{EB00FEA1-4504-49A1-8135-28A5F0106D47}.Debug|Any CPU.ActiveCfg = Debug|Any CPU
		{EB00FEA1-4504-49A1-8135-28A5F0106D47}.Debug|Any CPU.Build.0 = Debug|Any CPU
		{EB00FEA1-4504-49A1-8135-28A5F0106D47}.Release|Any CPU.ActiveCfg = Release|Any CPU
		{EB00FEA1-4504-49A1-8135-28A5F0106D47}.Release|Any CPU.Build.0 = Release|Any CPU
	EndGlobalSection
	GlobalSection(SolutionProperties) = preSolution
		HideSolutionNode = FALSE
	EndGlobalSection
EndGlobal
